// !$*UTF8*$!
{
	archiveVersion = 1;
	classes = {
	};
	objectVersion = 50;
	objects = {

/* Begin PBXFileReference section */
		8147C33422CD0C94000879E2 /* RPQ */ = {isa = PBXFileReference; lastKnownFileType = folder; name = RPQ; sourceTree = "<group>"; };
/* End PBXFileReference section */

/* Begin PBXGroup section */
		8147C32722CD0996000879E2 = {
			isa = PBXGroup;
			children = (
				8147C33422CD0C94000879E2 /* RPQ */,
			);
			sourceTree = "<group>";
		};
/* End PBXGroup section */

/* Begin PBXProject section */
		8147C32822CD0996000879E2 /* Project object */ = {
			isa = PBXProject;
			attributes = {
				LastUpgradeCheck = 1020;
			};
			buildConfigurationList = 8147C32B22CD0996000879E2 /* Build configuration list for PBXProject "RPQ" */;
			compatibilityVersion = "Xcode 9.3";
			developmentRegion = en;
			hasScannedForEncodings = 0;
			knownRegions = (
				en,
			);
			mainGroup = 8147C32722CD0996000879E2;
			projectDirPath = "";
			projectRoot = "";
			targets = (
			);
		};
/* End PBXProject section */

/* Begin XCBuildConfiguration section */
		8147C32C22CD0996000879E2 /* Debug */ = {
			isa = XCBuildConfiguration;
			buildSettings = {
			};
			name = Debug;
		};
		8147C32D22CD0996000879E2 /* Release */ = {
			isa = XCBuildConfiguration;
			buildSettings = {
			};
			name = Release;
		};
/* End XCBuildConfiguration section */

/* Begin XCConfigurationList section */
		8147C32B22CD0996000879E2 /* Build configuration list for PBXProject "RPQ" */ = {
			isa = XCConfigurationList;
			buildConfigurations = (
				8147C32C22CD0996000879E2 /* Debug */,
				8147C32D22CD0996000879E2 /* Release */,
			);
			defaultConfigurationIsVisible = 0;
			defaultConfigurationName = Release;
		};
/* End XCConfigurationList section */
	};
	rootObject = 8147C32822CD0996000879E2 /* Project object */;
}
